
Microsoft Visual Studio Solution File, Format Version 12.00
# Visual Studio Version 16
VisualStudioVersion = 16.0.32428.217
MinimumVisualStudioVersion = 10.0.40219.1
Project("{FAE04EC0-301F-11D3-BF4B-00C04F79EFBC}") = "şems 1", "şems 1\şems 1.csproj", "{FEDE26B6-68FE-4469-8106-F84E9B056D0E}"
EndProject
Global
	GlobalSection(SolutionConfigurationPlatforms) = preSolution
		Debug|Any CPU = Debug|Any CPU
		Release|Any CPU = Release|Any CPU
	EndGlobalSection
	GlobalSection(ProjectConfigurationPlatforms) = postSolution
		{FEDE26B6-68FE-4469-8106-F84E9B056D0E}.Debug|Any CPU.ActiveCfg = Debug|Any CPU
		{FEDE26B6-68FE-4469-8106-F84E9B056D0E}.Debug|Any CPU.Build.0 = Debug|Any CPU
		{FEDE26B6-68FE-4469-8106-F84E9B056D0E}.Release|Any CPU.ActiveCfg = Release|Any CPU
		{FEDE26B6-68FE-4469-8106-F84E9B056D0E}.Release|Any CPU.Build.0 = Release|Any CPU
	EndGlobalSection
	GlobalSection(SolutionProperties) = preSolution
		HideSolutionNode = FALSE
	EndGlobalSection
	GlobalSection(ExtensibilityGlobals) = postSolution
		SolutionGuid = {EDF39040-7DE6-4DD5-9ACA-B8575119CFD5}
	EndGlobalSection
EndGlobal
